
Microsoft Visual Studio Solution File, Format Version 12.00
# Visual Studio 2013
VisualStudioVersion = 12.0.30723.0
MinimumVisualStudioVersion = 10.0.40219.1
Project("{FAE04EC0-301F-11D3-BF4B-00C04F79EFBC}") = "ArrayGame", "ArrayGame\ArrayGame.csproj", "{7C3B67E6-4943-4C32-B926-552219FB8CFC}"
EndProject
Global
	GlobalSection(SolutionConfigurationPlatforms) = preSolution
		Debug|Any CPU = Debug|Any CPU
		Release|Any CPU = Release|Any CPU
	EndGlobalSection
	GlobalSection(ProjectConfigurationPlatforms) = postSolution
		{7C3B67E6-4943-4C32-B926-552219FB8CFC}.Debug|Any CPU.ActiveCfg = Debug|Any CPU
		{7C3B67E6-4943-4C32-B926-552219FB8CFC}.Debug|Any CPU.Build.0 = Debug|Any CPU
		{7C3B67E6-4943-4C32-B926-552219FB8CFC}.Release|Any CPU.ActiveCfg = Release|Any CPU
		{7C3B67E6-4943-4C32-B926-552219FB8CFC}.Release|Any CPU.Build.0 = Release|Any CPU
	EndGlobalSection
	GlobalSection(SolutionProperties) = preSolution
		HideSolutionNode = FALSE
	EndGlobalSection
EndGlobal
